// !$*UTF8*$!
{
	archiveVersion = 1;
	classes = {
	};
	objectVersion = 48;
	objects = {

/* Begin PBXBuildFile section */
		A78715F6093CA70298DA54E6 /* Pods_ChineseCheckers_macOS.framework in Frameworks */ = {isa = PBXBuildFile; fileRef = ED4923E20120E69E210E54F9 /* Pods_ChineseCheckers_macOS.framework */; };
		AA69780DFF83610FE78F8676 /* Pods_ChineseCheckers_iOS.framework in Frameworks */ = {isa = PBXBuildFile; fileRef = CCE9CDFC41394BFCD1F0922F /* Pods_ChineseCheckers_iOS.framework */; };
		E21FD86B1FF13D7F00B97766 /* AppDelegate.swift in Sources */ = {isa = PBXBuildFile; fileRef = E21FD86A1FF13D7F00B97766 /* AppDelegate.swift */; };
		E21FD86D1FF13D7F00B97766 /* GameViewController.swift in Sources */ = {isa = PBXBuildFile; fileRef = E21FD86C1FF13D7F00B97766 /* GameViewController.swift */; };
		E21FD8701FF13D7F00B97766 /* Main.storyboard in Resources */ = {isa = PBXBuildFile; fileRef = E21FD86E1FF13D7F00B97766 /* Main.storyboard */; };
		E21FD8731FF13D7F00B97766 /* LaunchScreen.storyboard in Resources */ = {isa = PBXBuildFile; fileRef = E21FD8711FF13D7F00B97766 /* LaunchScreen.storyboard */; };
		E21FD87C1FF13D7F00B97766 /* AppDelegate.swift in Sources */ = {isa = PBXBuildFile; fileRef = E21FD87B1FF13D7F00B97766 /* AppDelegate.swift */; };
		E21FD87E1FF13D7F00B97766 /* GameViewController.swift in Sources */ = {isa = PBXBuildFile; fileRef = E21FD87D1FF13D7F00B97766 /* GameViewController.swift */; };
		E21FD8811FF13D7F00B97766 /* Main.storyboard in Resources */ = {isa = PBXBuildFile; fileRef = E21FD87F1FF13D7F00B97766 /* Main.storyboard */; };
		E21FD8831FF13D7F00B97766 /* Actions.sks in Resources */ = {isa = PBXBuildFile; fileRef = E21FD85F1FF13D7F00B97766 /* Actions.sks */; };
		E21FD8841FF13D7F00B97766 /* Actions.sks in Resources */ = {isa = PBXBuildFile; fileRef = E21FD85F1FF13D7F00B97766 /* Actions.sks */; };
		E21FD8851FF13D7F00B97766 /* GameScene.sks in Resources */ = {isa = PBXBuildFile; fileRef = E21FD8601FF13D7F00B97766 /* GameScene.sks */; };
		E21FD8861FF13D7F00B97766 /* GameScene.sks in Resources */ = {isa = PBXBuildFile; fileRef = E21FD8601FF13D7F00B97766 /* GameScene.sks */; };
		E21FD8871FF13D7F00B97766 /* GameScene.swift in Sources */ = {isa = PBXBuildFile; fileRef = E21FD8611FF13D7F00B97766 /* GameScene.swift */; };
		E21FD8881FF13D7F00B97766 /* GameScene.swift in Sources */ = {isa = PBXBuildFile; fileRef = E21FD8611FF13D7F00B97766 /* GameScene.swift */; };
		E21FD8891FF13D7F00B97766 /* Assets.xcassets in Resources */ = {isa = PBXBuildFile; fileRef = E21FD8621FF13D7F00B97766 /* Assets.xcassets */; };
		E21FD88A1FF13D7F00B97766 /* Assets.xcassets in Resources */ = {isa = PBXBuildFile; fileRef = E21FD8621FF13D7F00B97766 /* Assets.xcassets */; };
		E21FD8941FF1CF7D00B97766 /* HexagonNode.swift in Sources */ = {isa = PBXBuildFile; fileRef = E21FD8931FF1CF7D00B97766 /* HexagonNode.swift */; };
		E240262E1FF45D960069D0FA /* Player.swift in Sources */ = {isa = PBXBuildFile; fileRef = E240262D1FF45D960069D0FA /* Player.swift */; };
		E240262F1FF45E7C0069D0FA /* Player.swift in Sources */ = {isa = PBXBuildFile; fileRef = E240262D1FF45D960069D0FA /* Player.swift */; };
		E240263D1FF461E50069D0FA /* UIKit+Extensions.swift in Sources */ = {isa = PBXBuildFile; fileRef = E240263B1FF461E50069D0FA /* UIKit+Extensions.swift */; };
		E240263E1FF461E50069D0FA /* Foundation+Extensions.swift in Sources */ = {isa = PBXBuildFile; fileRef = E240263C1FF461E50069D0FA /* Foundation+Extensions.swift */; };
		E24026411FF4621C0069D0FA /* AppKit+Extensions.swift in Sources */ = {isa = PBXBuildFile; fileRef = E24026401FF4621C0069D0FA /* AppKit+Extensions.swift */; };
		E24026431FF471D00069D0FA /* HexagonNodeDelegate.swift in Sources */ = {isa = PBXBuildFile; fileRef = E24026421FF471D00069D0FA /* HexagonNodeDelegate.swift */; };
		E24026441FF473B90069D0FA /* HexagonNodeDelegate.swift in Sources */ = {isa = PBXBuildFile; fileRef = E24026421FF471D00069D0FA /* HexagonNodeDelegate.swift */; };
		E24026461FF474550069D0FA /* GameSceneState.swift in Sources */ = {isa = PBXBuildFile; fileRef = E24026451FF474550069D0FA /* GameSceneState.swift */; };
		E24026481FF477D60069D0FA /* GameSession.swift in Sources */ = {isa = PBXBuildFile; fileRef = E24026471FF477D60069D0FA /* GameSession.swift */; };
		E24026491FF47A0F0069D0FA /* GameSession.swift in Sources */ = {isa = PBXBuildFile; fileRef = E24026471FF477D60069D0FA /* GameSession.swift */; };
		E252E4E41FF2ED4A008DCC3D /* Field.swift in Sources */ = {isa = PBXBuildFile; fileRef = E252E4E31FF2ED4A008DCC3D /* Field.swift */; };
		E252E4E51FF2EDB5008DCC3D /* Field.swift in Sources */ = {isa = PBXBuildFile; fileRef = E252E4E31FF2ED4A008DCC3D /* Field.swift */; };
		E252E4E71FF2F03F008DCC3D /* Board.swift in Sources */ = {isa = PBXBuildFile; fileRef = E252E4E61FF2F03F008DCC3D /* Board.swift */; };
		E252E4E81FF2F03F008DCC3D /* Board.swift in Sources */ = {isa = PBXBuildFile; fileRef = E252E4E61FF2F03F008DCC3D /* Board.swift */; };
		E252E4EB1FF2F906008DCC3D /* FieldInfo.swift in Sources */ = {isa = PBXBuildFile; fileRef = E252E4EA1FF2F906008DCC3D /* FieldInfo.swift */; };
		E252E4EC1FF2F906008DCC3D /* FieldInfo.swift in Sources */ = {isa = PBXBuildFile; fileRef = E252E4EA1FF2F906008DCC3D /* FieldInfo.swift */; };
		E252E4EE1FF2FCF2008DCC3D /* BoardInfo.swift in Sources */ = {isa = PBXBuildFile; fileRef = E252E4ED1FF2FCF2008DCC3D /* BoardInfo.swift */; };
		E252E4EF1FF2FCF2008DCC3D /* BoardInfo.swift in Sources */ = {isa = PBXBuildFile; fileRef = E252E4ED1FF2FCF2008DCC3D /* BoardInfo.swift */; };
		E252E4F61FF329B6008DCC3D /* grid.json in Resources */ = {isa = PBXBuildFile; fileRef = E252E4F51FF329B6008DCC3D /* grid.json */; };
		E252E4F71FF329B6008DCC3D /* grid.json in Resources */ = {isa = PBXBuildFile; fileRef = E252E4F51FF329B6008DCC3D /* grid.json */; };
		E25310321FF1D68C00221C78 /* HexagonNode.swift in Sources */ = {isa = PBXBuildFile; fileRef = E21FD8931FF1CF7D00B97766 /* HexagonNode.swift */; };
		E2675CDC1FF5C75300E49AE7 /* GameInfo.swift in Sources */ = {isa = PBXBuildFile; fileRef = E2675CDB1FF5C75300E49AE7 /* GameInfo.swift */; };
		E2675CDD1FF5C94A00E49AE7 /* GameInfo.swift in Sources */ = {isa = PBXBuildFile; fileRef = E2675CDB1FF5C75300E49AE7 /* GameInfo.swift */; };
		E2675CDF1FF5D28500E49AE7 /* GameSessionDelegate.swift in Sources */ = {isa = PBXBuildFile; fileRef = E2675CDE1FF5D28500E49AE7 /* GameSessionDelegate.swift */; };
		E2675CE01FF5D36900E49AE7 /* GameSessionDelegate.swift in Sources */ = {isa = PBXBuildFile; fileRef = E2675CDE1FF5D28500E49AE7 /* GameSessionDelegate.swift */; };
		E2675CE31FF5DD4000E49AE7 /* FieldHexagonNode.swift in Sources */ = {isa = PBXBuildFile; fileRef = E2675CE21FF5DD4000E49AE7 /* FieldHexagonNode.swift */; };
		E2675CE41FF5DF4100E49AE7 /* FieldHexagonNode.swift in Sources */ = {isa = PBXBuildFile; fileRef = E2675CE21FF5DD4000E49AE7 /* FieldHexagonNode.swift */; };
		E286D8571FFAFF0A0002956A /* service.plist in Resources */ = {isa = PBXBuildFile; fileRef = E286D8561FFAFF0A0002956A /* service.plist */; };
		E286D85B1FFB1A560002956A /* MenuScene.sks in Resources */ = {isa = PBXBuildFile; fileRef = E286D85A1FFB1A560002956A /* MenuScene.sks */; };
		E286D85D1FFB1A800002956A /* MenuScene.swift in Sources */ = {isa = PBXBuildFile; fileRef = E286D85C1FFB1A800002956A /* MenuScene.swift */; };
		E286D85E1FFB1A800002956A /* MenuScene.swift in Sources */ = {isa = PBXBuildFile; fileRef = E286D85C1FFB1A800002956A /* MenuScene.swift */; };
		E286D85F1FFB1A850002956A /* MenuScene.sks in Resources */ = {isa = PBXBuildFile; fileRef = E286D85A1FFB1A560002956A /* MenuScene.sks */; };
		E2F3AC201FF7266D00B44941 /* GameService.swift in Sources */ = {isa = PBXBuildFile; fileRef = E2F3AC1F1FF7266D00B44941 /* GameService.swift */; };
		E2F3AC211FF726B400B44941 /* GameService.swift in Sources */ = {isa = PBXBuildFile; fileRef = E2F3AC1F1FF7266D00B44941 /* GameService.swift */; };
		E2F3AC231FF7315C00B44941 /* TurnInfo.swift in Sources */ = {isa = PBXBuildFile; fileRef = E2F3AC221FF7315C00B44941 /* TurnInfo.swift */; };
		E2F3AC251FF7320300B44941 /* ErrorInfo.swift in Sources */ = {isa = PBXBuildFile; fileRef = E2F3AC241FF7320300B44941 /* ErrorInfo.swift */; };
		E2F3AC261FF7326A00B44941 /* TurnInfo.swift in Sources */ = {isa = PBXBuildFile; fileRef = E2F3AC221FF7315C00B44941 /* TurnInfo.swift */; };
		E2F3AC271FF7326D00B44941 /* ErrorInfo.swift in Sources */ = {isa = PBXBuildFile; fileRef = E2F3AC241FF7320300B44941 /* ErrorInfo.swift */; };
		E2F3AC291FF7338B00B44941 /* ResultInfo.swift in Sources */ = {isa = PBXBuildFile; fileRef = E2F3AC281FF7338B00B44941 /* ResultInfo.swift */; };
		E2F3AC2B1FF734D600B44941 /* LoginInfo.swift in Sources */ = {isa = PBXBuildFile; fileRef = E2F3AC2A1FF734D600B44941 /* LoginInfo.swift */; };
		E2F3AC2C1FF734D800B44941 /* LoginInfo.swift in Sources */ = {isa = PBXBuildFile; fileRef = E2F3AC2A1FF734D600B44941 /* LoginInfo.swift */; };
		E2F3AC2D1FF734DC00B44941 /* ResultInfo.swift in Sources */ = {isa = PBXBuildFile; fileRef = E2F3AC281FF7338B00B44941 /* ResultInfo.swift */; };
		E2F3AC2F1FF736A800B44941 /* GameServiceDelegate.swift in Sources */ = {isa = PBXBuildFile; fileRef = E2F3AC2E1FF736A800B44941 /* GameServiceDelegate.swift */; };
		E2F3AC301FF736A800B44941 /* GameServiceDelegate.swift in Sources */ = {isa = PBXBuildFile; fileRef = E2F3AC2E1FF736A800B44941 /* GameServiceDelegate.swift */; };
		E2F3AC341FF8556400B44941 /* GameSceneState.swift in Sources */ = {isa = PBXBuildFile; fileRef = E24026451FF474550069D0FA /* GameSceneState.swift */; };
/* End PBXBuildFile section */

/* Begin PBXFileReference section */
		11DBF6DEA9835530FFF07F6E /* Pods-ChineseCheckers iOS.debug.xcconfig */ = {isa = PBXFileReference; includeInIndex = 1; lastKnownFileType = text.xcconfig; name = "Pods-ChineseCheckers iOS.debug.xcconfig"; path = "Pods/Target Support Files/Pods-ChineseCheckers iOS/Pods-ChineseCheckers iOS.debug.xcconfig"; sourceTree = "<group>"; };
		764B87C931519CC9B2E9567D /* Pods-ChineseCheckers iOS.release.xcconfig */ = {isa = PBXFileReference; includeInIndex = 1; lastKnownFileType = text.xcconfig; name = "Pods-ChineseCheckers iOS.release.xcconfig"; path = "Pods/Target Support Files/Pods-ChineseCheckers iOS/Pods-ChineseCheckers iOS.release.xcconfig"; sourceTree = "<group>"; };
		7723FBB429D1CE8FAE4B2CFB /* Pods-ChineseCheckers macOS.release.xcconfig */ = {isa = PBXFileReference; includeInIndex = 1; lastKnownFileType = text.xcconfig; name = "Pods-ChineseCheckers macOS.release.xcconfig"; path = "Pods/Target Support Files/Pods-ChineseCheckers macOS/Pods-ChineseCheckers macOS.release.xcconfig"; sourceTree = "<group>"; };
		C837BF2FD01580C29645DB94 /* Pods-ChineseCheckers macOS.debug.xcconfig */ = {isa = PBXFileReference; includeInIndex = 1; lastKnownFileType = text.xcconfig; name = "Pods-ChineseCheckers macOS.debug.xcconfig"; path = "Pods/Target Support Files/Pods-ChineseCheckers macOS/Pods-ChineseCheckers macOS.debug.xcconfig"; sourceTree = "<group>"; };
		CCE9CDFC41394BFCD1F0922F /* Pods_ChineseCheckers_iOS.framework */ = {isa = PBXFileReference; explicitFileType = wrapper.framework; includeInIndex = 0; path = Pods_ChineseCheckers_iOS.framework; sourceTree = BUILT_PRODUCTS_DIR; };
		E21FD85F1FF13D7F00B97766 /* Actions.sks */ = {isa = PBXFileReference; lastKnownFileType = file.sks; path = Actions.sks; sourceTree = "<group>"; };
		E21FD8601FF13D7F00B97766 /* GameScene.sks */ = {isa = PBXFileReference; lastKnownFileType = file.sks; path = GameScene.sks; sourceTree = "<group>"; };
		E21FD8611FF13D7F00B97766 /* GameScene.swift */ = {isa = PBXFileReference; lastKnownFileType = sourcecode.swift; path = GameScene.swift; sourceTree = "<group>"; };
		E21FD8621FF13D7F00B97766 /* Assets.xcassets */ = {isa = PBXFileReference; lastKnownFileType = folder.assetcatalog; path = Assets.xcassets; sourceTree = "<group>"; };
		E21FD8671FF13D7F00B97766 /* ChineseCheckers.app */ = {isa = PBXFileReference; explicitFileType = wrapper.application; includeInIndex = 0; path = ChineseCheckers.app; sourceTree = BUILT_PRODUCTS_DIR; };
		E21FD86A1FF13D7F00B97766 /* AppDelegate.swift */ = {isa = PBXFileReference; lastKnownFileType = sourcecode.swift; path = AppDelegate.swift; sourceTree = "<group>"; };
		E21FD86C1FF13D7F00B97766 /* GameViewController.swift */ = {isa = PBXFileReference; lastKnownFileType = sourcecode.swift; path = GameViewController.swift; sourceTree = "<group>"; };
		E21FD86F1FF13D7F00B97766 /* Base */ = {isa = PBXFileReference; lastKnownFileType = file.storyboard; name = Base; path = Base.lproj/Main.storyboard; sourceTree = "<group>"; };
		E21FD8721FF13D7F00B97766 /* Base */ = {isa = PBXFileReference; lastKnownFileType = file.storyboard; name = Base; path = Base.lproj/LaunchScreen.storyboard; sourceTree = "<group>"; };
		E21FD8741FF13D7F00B97766 /* Info.plist */ = {isa = PBXFileReference; lastKnownFileType = text.plist.xml; path = Info.plist; sourceTree = "<group>"; };
		E21FD8791FF13D7F00B97766 /* ChineseCheckers.app */ = {isa = PBXFileReference; explicitFileType = wrapper.application; includeInIndex = 0; path = ChineseCheckers.app; sourceTree = BUILT_PRODUCTS_DIR; };
		E21FD87B1FF13D7F00B97766 /* AppDelegate.swift */ = {isa = PBXFileReference; lastKnownFileType = sourcecode.swift; path = AppDelegate.swift; sourceTree = "<group>"; };
		E21FD87D1FF13D7F00B97766 /* GameViewController.swift */ = {isa = PBXFileReference; lastKnownFileType = sourcecode.swift; path = GameViewController.swift; sourceTree = "<group>"; };
		E21FD8801FF13D7F00B97766 /* Base */ = {isa = PBXFileReference; lastKnownFileType = file.storyboard; name = Base; path = Base.lproj/Main.storyboard; sourceTree = "<group>"; };
		E21FD8821FF13D7F00B97766 /* Info.plist */ = {isa = PBXFileReference; lastKnownFileType = text.plist.xml; path = Info.plist; sourceTree = "<group>"; };
		E21FD8931FF1CF7D00B97766 /* HexagonNode.swift */ = {isa = PBXFileReference; lastKnownFileType = sourcecode.swift; path = HexagonNode.swift; sourceTree = "<group>"; };
		E240262D1FF45D960069D0FA /* Player.swift */ = {isa = PBXFileReference; lastKnownFileType = sourcecode.swift; path = Player.swift; sourceTree = "<group>"; };
		E240263B1FF461E50069D0FA /* UIKit+Extensions.swift */ = {isa = PBXFileReference; fileEncoding = 4; lastKnownFileType = sourcecode.swift; path = "UIKit+Extensions.swift"; sourceTree = "<group>"; };
		E240263C1FF461E50069D0FA /* Foundation+Extensions.swift */ = {isa = PBXFileReference; fileEncoding = 4; lastKnownFileType = sourcecode.swift; path = "Foundation+Extensions.swift"; sourceTree = "<group>"; };
		E24026401FF4621C0069D0FA /* AppKit+Extensions.swift */ = {isa = PBXFileReference; lastKnownFileType = sourcecode.swift; path = "AppKit+Extensions.swift"; sourceTree = "<group>"; };
		E24026421FF471D00069D0FA /* HexagonNodeDelegate.swift */ = {isa = PBXFileReference; lastKnownFileType = sourcecode.swift; path = HexagonNodeDelegate.swift; sourceTree = "<group>"; };
		E24026451FF474550069D0FA /* GameSceneState.swift */ = {isa = PBXFileReference; lastKnownFileType = sourcecode.swift; path = GameSceneState.swift; sourceTree = "<group>"; };
		E24026471FF477D60069D0FA /* GameSession.swift */ = {isa = PBXFileReference; lastKnownFileType = sourcecode.swift; path = GameSession.swift; sourceTree = "<group>"; };
		E252E4E31FF2ED4A008DCC3D /* Field.swift */ = {isa = PBXFileReference; lastKnownFileType = sourcecode.swift; path = Field.swift; sourceTree = "<group>"; };
		E252E4E61FF2F03F008DCC3D /* Board.swift */ = {isa = PBXFileReference; lastKnownFileType = sourcecode.swift; path = Board.swift; sourceTree = "<group>"; };
		E252E4EA1FF2F906008DCC3D /* FieldInfo.swift */ = {isa = PBXFileReference; lastKnownFileType = sourcecode.swift; path = FieldInfo.swift; sourceTree = "<group>"; };
		E252E4ED1FF2FCF2008DCC3D /* BoardInfo.swift */ = {isa = PBXFileReference; lastKnownFileType = sourcecode.swift; path = BoardInfo.swift; sourceTree = "<group>"; };
		E252E4F51FF329B6008DCC3D /* grid.json */ = {isa = PBXFileReference; fileEncoding = 4; lastKnownFileType = text.json; name = grid.json; path = ../../../server/grid.json; sourceTree = "<group>"; };
		E2675CDB1FF5C75300E49AE7 /* GameInfo.swift */ = {isa = PBXFileReference; lastKnownFileType = sourcecode.swift; path = GameInfo.swift; sourceTree = "<group>"; };
		E2675CDE1FF5D28500E49AE7 /* GameSessionDelegate.swift */ = {isa = PBXFileReference; lastKnownFileType = sourcecode.swift; path = GameSessionDelegate.swift; sourceTree = "<group>"; };
		E2675CE21FF5DD4000E49AE7 /* FieldHexagonNode.swift */ = {isa = PBXFileReference; lastKnownFileType = sourcecode.swift; path = FieldHexagonNode.swift; sourceTree = "<group>"; };
		E286D8561FFAFF0A0002956A /* service.plist */ = {isa = PBXFileReference; lastKnownFileType = text.plist.xml; path = service.plist; sourceTree = "<group>"; };
		E286D85A1FFB1A560002956A /* MenuScene.sks */ = {isa = PBXFileReference; lastKnownFileType = file.sks; path = MenuScene.sks; sourceTree = "<group>"; };
		E286D85C1FFB1A800002956A /* MenuScene.swift */ = {isa = PBXFileReference; lastKnownFileType = sourcecode.swift; path = MenuScene.swift; sourceTree = "<group>"; };
		E2F3AC1F1FF7266D00B44941 /* GameService.swift */ = {isa = PBXFileReference; lastKnownFileType = sourcecode.swift; path = GameService.swift; sourceTree = "<group>"; };
		E2F3AC221FF7315C00B44941 /* TurnInfo.swift */ = {isa = PBXFileReference; lastKnownFileType = sourcecode.swift; path = TurnInfo.swift; sourceTree = "<group>"; };
		E2F3AC241FF7320300B44941 /* ErrorInfo.swift */ = {isa = PBXFileReference; lastKnownFileType = sourcecode.swift; path = ErrorInfo.swift; sourceTree = "<group>"; };
		E2F3AC281FF7338B00B44941 /* ResultInfo.swift */ = {isa = PBXFileReference; lastKnownFileType = sourcecode.swift; path = ResultInfo.swift; sourceTree = "<group>"; };
		E2F3AC2A1FF734D600B44941 /* LoginInfo.swift */ = {isa = PBXFileReference; lastKnownFileType = sourcecode.swift; path = LoginInfo.swift; sourceTree = "<group>"; };
		E2F3AC2E1FF736A800B44941 /* GameServiceDelegate.swift */ = {isa = PBXFileReference; lastKnownFileType = sourcecode.swift; path = GameServiceDelegate.swift; sourceTree = "<group>"; };
		ED4923E20120E69E210E54F9 /* Pods_ChineseCheckers_macOS.framework */ = {isa = PBXFileReference; explicitFileType = wrapper.framework; includeInIndex = 0; path = Pods_ChineseCheckers_macOS.framework; sourceTree = BUILT_PRODUCTS_DIR; };
/* End PBXFileReference section */

/* Begin PBXFrameworksBuildPhase section */
		E21FD8641FF13D7F00B97766 /* Frameworks */ = {
			isa = PBXFrameworksBuildPhase;
			buildActionMask = 2147483647;
			files = (
				AA69780DFF83610FE78F8676 /* Pods_ChineseCheckers_iOS.framework in Frameworks */,
			);
			runOnlyForDeploymentPostprocessing = 0;
		};
		E21FD8761FF13D7F00B97766 /* Frameworks */ = {
			isa = PBXFrameworksBuildPhase;
			buildActionMask = 2147483647;
			files = (
				A78715F6093CA70298DA54E6 /* Pods_ChineseCheckers_macOS.framework in Frameworks */,
			);
			runOnlyForDeploymentPostprocessing = 0;
		};
/* End PBXFrameworksBuildPhase section */

/* Begin PBXGroup section */
		8A10B6EBF78DD687B94AC960 /* Pods */ = {
			isa = PBXGroup;
			children = (
				11DBF6DEA9835530FFF07F6E /* Pods-ChineseCheckers iOS.debug.xcconfig */,
				764B87C931519CC9B2E9567D /* Pods-ChineseCheckers iOS.release.xcconfig */,
				C837BF2FD01580C29645DB94 /* Pods-ChineseCheckers macOS.debug.xcconfig */,
				7723FBB429D1CE8FAE4B2CFB /* Pods-ChineseCheckers macOS.release.xcconfig */,
			);
			name = Pods;
			sourceTree = "<group>";
		};
		CE300AB7C0170F15FEE0D761 /* Frameworks */ = {
			isa = PBXGroup;
			children = (
				CCE9CDFC41394BFCD1F0922F /* Pods_ChineseCheckers_iOS.framework */,
				ED4923E20120E69E210E54F9 /* Pods_ChineseCheckers_macOS.framework */,
			);
			name = Frameworks;
			sourceTree = "<group>";
		};
		E21FD8591FF13D7F00B97766 = {
			isa = PBXGroup;
			children = (
				E21FD85E1FF13D7F00B97766 /* ChineseCheckers Shared */,
				E21FD8691FF13D7F00B97766 /* ChineseCheckers iOS */,
				E21FD87A1FF13D7F00B97766 /* ChineseCheckers macOS */,
				E21FD8681FF13D7F00B97766 /* Products */,
				8A10B6EBF78DD687B94AC960 /* Pods */,
				CE300AB7C0170F15FEE0D761 /* Frameworks */,
			);
			sourceTree = "<group>";
		};
		E21FD85E1FF13D7F00B97766 /* ChineseCheckers Shared */ = {
			isa = PBXGroup;
			children = (
				E252E4F51FF329B6008DCC3D /* grid.json */,
				E2F3AC1E1FF7265600B44941 /* Services */,
				E252E4E91FF2F17D008DCC3D /* Logic */,
				E21FD85F1FF13D7F00B97766 /* Actions.sks */,
				E21FD8601FF13D7F00B97766 /* GameScene.sks */,
				E21FD8611FF13D7F00B97766 /* GameScene.swift */,
				E21FD8621FF13D7F00B97766 /* Assets.xcassets */,
				E21FD8931FF1CF7D00B97766 /* HexagonNode.swift */,
				E2675CE21FF5DD4000E49AE7 /* FieldHexagonNode.swift */,
				E24026421FF471D00069D0FA /* HexagonNodeDelegate.swift */,
				E24026451FF474550069D0FA /* GameSceneState.swift */,
				E286D85A1FFB1A560002956A /* MenuScene.sks */,
				E286D85C1FFB1A800002956A /* MenuScene.swift */,
			);
			path = "ChineseCheckers Shared";
			sourceTree = "<group>";
		};
		E21FD8681FF13D7F00B97766 /* Products */ = {
			isa = PBXGroup;
			children = (
				E21FD8671FF13D7F00B97766 /* ChineseCheckers.app */,
				E21FD8791FF13D7F00B97766 /* ChineseCheckers.app */,
			);
			name = Products;
			sourceTree = "<group>";
		};
		E21FD8691FF13D7F00B97766 /* ChineseCheckers iOS */ = {
			isa = PBXGroup;
			children = (
				E2F3AC311FF8532200B44941 /* Views */,
				E24026311FF461420069D0FA /* Utility */,
				E21FD86A1FF13D7F00B97766 /* AppDelegate.swift */,
				E21FD86C1FF13D7F00B97766 /* GameViewController.swift */,
				E21FD86E1FF13D7F00B97766 /* Main.storyboard */,
				E21FD8711FF13D7F00B97766 /* LaunchScreen.storyboard */,
				E21FD8741FF13D7F00B97766 /* Info.plist */,
			);
			path = "ChineseCheckers iOS";
			sourceTree = "<group>";
		};
		E21FD87A1FF13D7F00B97766 /* ChineseCheckers macOS */ = {
			isa = PBXGroup;
			children = (
				E240263F1FF462060069D0FA /* Utility */,
				E21FD87B1FF13D7F00B97766 /* AppDelegate.swift */,
				E21FD87D1FF13D7F00B97766 /* GameViewController.swift */,
				E21FD87F1FF13D7F00B97766 /* Main.storyboard */,
				E21FD8821FF13D7F00B97766 /* Info.plist */,
			);
			path = "ChineseCheckers macOS";
			sourceTree = "<group>";
		};
		E24026311FF461420069D0FA /* Utility */ = {
			isa = PBXGroup;
			children = (
				E240263C1FF461E50069D0FA /* Foundation+Extensions.swift */,
				E240263B1FF461E50069D0FA /* UIKit+Extensions.swift */,
			);
			path = Utility;
			sourceTree = "<group>";
		};
		E240263F1FF462060069D0FA /* Utility */ = {
			isa = PBXGroup;
			children = (
				E24026401FF4621C0069D0FA /* AppKit+Extensions.swift */,
			);
			path = Utility;
			sourceTree = "<group>";
		};
		E252E4E91FF2F17D008DCC3D /* Logic */ = {
			isa = PBXGroup;
			children = (
				E2675CE11FF5D93300E49AE7 /* Info */,
				E252E4E31FF2ED4A008DCC3D /* Field.swift */,
				E252E4E61FF2F03F008DCC3D /* Board.swift */,
				E240262D1FF45D960069D0FA /* Player.swift */,
				E24026471FF477D60069D0FA /* GameSession.swift */,
				E2675CDE1FF5D28500E49AE7 /* GameSessionDelegate.swift */,
			);
			path = Logic;
			sourceTree = "<group>";
		};
		E2675CE11FF5D93300E49AE7 /* Info */ = {
			isa = PBXGroup;
			children = (
				E252E4EA1FF2F906008DCC3D /* FieldInfo.swift */,
				E252E4ED1FF2FCF2008DCC3D /* BoardInfo.swift */,
				E2675CDB1FF5C75300E49AE7 /* GameInfo.swift */,
				E2F3AC221FF7315C00B44941 /* TurnInfo.swift */,
				E2F3AC241FF7320300B44941 /* ErrorInfo.swift */,
				E2F3AC281FF7338B00B44941 /* ResultInfo.swift */,
				E2F3AC2A1FF734D600B44941 /* LoginInfo.swift */,
			);
			path = Info;
			sourceTree = "<group>";
		};
		E2F3AC1E1FF7265600B44941 /* Services */ = {
			isa = PBXGroup;
			children = (
				E2F3AC1F1FF7266D00B44941 /* GameService.swift */,
				E2F3AC2E1FF736A800B44941 /* GameServiceDelegate.swift */,
				E286D8561FFAFF0A0002956A /* service.plist */,
			);
			path = Services;
			sourceTree = "<group>";
		};
		E2F3AC311FF8532200B44941 /* Views */ = {
			isa = PBXGroup;
			children = (
			);
			path = Views;
			sourceTree = "<group>";
		};
/* End PBXGroup section */

/* Begin PBXNativeTarget section */
		E21FD8661FF13D7F00B97766 /* ChineseCheckers iOS */ = {
			isa = PBXNativeTarget;
			buildConfigurationList = E21FD88D1FF13D7F00B97766 /* Build configuration list for PBXNativeTarget "ChineseCheckers iOS" */;
			buildPhases = (
				313C236BA1340A2482603B2D /* [CP] Check Pods Manifest.lock */,
				E21FD8631FF13D7F00B97766 /* Sources */,
				E21FD8641FF13D7F00B97766 /* Frameworks */,
				E21FD8651FF13D7F00B97766 /* Resources */,
				9FED091E4092FA8DCC0C5C31 /* [CP] Embed Pods Frameworks */,
				E91ABF3DD0E9A22AC3D67AA0 /* [CP] Copy Pods Resources */,
			);
			buildRules = (
			);
			dependencies = (
			);
			name = "ChineseCheckers iOS";
			productName = "ChineseCheckers iOS";
			productReference = E21FD8671FF13D7F00B97766 /* ChineseCheckers.app */;
			productType = "com.apple.product-type.application";
		};
		E21FD8781FF13D7F00B97766 /* ChineseCheckers macOS */ = {
			isa = PBXNativeTarget;
			buildConfigurationList = E21FD8901FF13D7F00B97766 /* Build configuration list for PBXNativeTarget "ChineseCheckers macOS" */;
			buildPhases = (
				3A38CA17504B806417252B9C /* [CP] Check Pods Manifest.lock */,
				E21FD8751FF13D7F00B97766 /* Sources */,
				E21FD8761FF13D7F00B97766 /* Frameworks */,
				E21FD8771FF13D7F00B97766 /* Resources */,
				745EFC43BE9D0ADF23733B0C /* [CP] Embed Pods Frameworks */,
				758E689C7CAC2D21271EAEC9 /* [CP] Copy Pods Resources */,
			);
			buildRules = (
			);
			dependencies = (
			);
			name = "ChineseCheckers macOS";
			productName = "ChineseCheckers macOS";
			productReference = E21FD8791FF13D7F00B97766 /* ChineseCheckers.app */;
			productType = "com.apple.product-type.application";
		};
/* End PBXNativeTarget section */

/* Begin PBXProject section */
		E21FD85A1FF13D7F00B97766 /* Project object */ = {
			isa = PBXProject;
			attributes = {
				LastSwiftUpdateCheck = 0920;
				LastUpgradeCheck = 0920;
				ORGANIZATIONNAME = "Kacper Raczy";
				TargetAttributes = {
					E21FD8661FF13D7F00B97766 = {
						CreatedOnToolsVersion = 9.2;
						ProvisioningStyle = Automatic;
					};
					E21FD8781FF13D7F00B97766 = {
						CreatedOnToolsVersion = 9.2;
						ProvisioningStyle = Automatic;
					};
				};
			};
			buildConfigurationList = E21FD85D1FF13D7F00B97766 /* Build configuration list for PBXProject "ChineseCheckers" */;
			compatibilityVersion = "Xcode 8.0";
			developmentRegion = en;
			hasScannedForEncodings = 0;
			knownRegions = (
				en,
				Base,
			);
			mainGroup = E21FD8591FF13D7F00B97766;
			productRefGroup = E21FD8681FF13D7F00B97766 /* Products */;
			projectDirPath = "";
			projectRoot = "";
			targets = (
				E21FD8661FF13D7F00B97766 /* ChineseCheckers iOS */,
				E21FD8781FF13D7F00B97766 /* ChineseCheckers macOS */,
			);
		};
/* End PBXProject section */

/* Begin PBXResourcesBuildPhase section */
		E21FD8651FF13D7F00B97766 /* Resources */ = {
			isa = PBXResourcesBuildPhase;
			buildActionMask = 2147483647;
			files = (
				E21FD8851FF13D7F00B97766 /* GameScene.sks in Resources */,
				E21FD8701FF13D7F00B97766 /* Main.storyboard in Resources */,
				E286D8571FFAFF0A0002956A /* service.plist in Resources */,
				E21FD8831FF13D7F00B97766 /* Actions.sks in Resources */,
				E252E4F61FF329B6008DCC3D /* grid.json in Resources */,
				E21FD8731FF13D7F00B97766 /* LaunchScreen.storyboard in Resources */,
				E21FD8891FF13D7F00B97766 /* Assets.xcassets in Resources */,
				E286D85F1FFB1A850002956A /* MenuScene.sks in Resources */,
			);
			runOnlyForDeploymentPostprocessing = 0;
		};
		E21FD8771FF13D7F00B97766 /* Resources */ = {
			isa = PBXResourcesBuildPhase;
			buildActionMask = 2147483647;
			files = (
				E21FD8811FF13D7F00B97766 /* Main.storyboard in Resources */,
				E286D85B1FFB1A560002956A /* MenuScene.sks in Resources */,
				E21FD8861FF13D7F00B97766 /* GameScene.sks in Resources */,
				E21FD88A1FF13D7F00B97766 /* Assets.xcassets in Resources */,
				E252E4F71FF329B6008DCC3D /* grid.json in Resources */,
				E21FD8841FF13D7F00B97766 /* Actions.sks in Resources */,
			);
			runOnlyForDeploymentPostprocessing = 0;
		};
/* End PBXResourcesBuildPhase section */

/* Begin PBXShellScriptBuildPhase section */
		313C236BA1340A2482603B2D /* [CP] Check Pods Manifest.lock */ = {
			isa = PBXShellScriptBuildPhase;
			buildActionMask = 2147483647;
			files = (
			);
			inputPaths = (
			);
			name = "[CP] Check Pods Manifest.lock";
			outputPaths = (
			);
			runOnlyForDeploymentPostprocessing = 0;
			shellPath = /bin/sh;
			shellScript = "diff \"${PODS_ROOT}/../Podfile.lock\" \"${PODS_ROOT}/Manifest.lock\" > /dev/null\nif [ $? != 0 ] ; then\n    # print error to STDERR\n    echo \"error: The sandbox is not in sync with the Podfile.lock. Run 'pod install' or update your CocoaPods installation.\" >&2\n    exit 1\nfi\n";
			showEnvVarsInLog = 0;
		};
		3A38CA17504B806417252B9C /* [CP] Check Pods Manifest.lock */ = {
			isa = PBXShellScriptBuildPhase;
			buildActionMask = 2147483647;
			files = (
			);
			inputPaths = (
			);
			name = "[CP] Check Pods Manifest.lock";
			outputPaths = (
			);
			runOnlyForDeploymentPostprocessing = 0;
			shellPath = /bin/sh;
			shellScript = "diff \"${PODS_ROOT}/../Podfile.lock\" \"${PODS_ROOT}/Manifest.lock\" > /dev/null\nif [ $? != 0 ] ; then\n    # print error to STDERR\n    echo \"error: The sandbox is not in sync with the Podfile.lock. Run 'pod install' or update your CocoaPods installation.\" >&2\n    exit 1\nfi\n";
			showEnvVarsInLog = 0;
		};
		745EFC43BE9D0ADF23733B0C /* [CP] Embed Pods Frameworks */ = {
			isa = PBXShellScriptBuildPhase;
			buildActionMask = 2147483647;
			files = (
			);
			inputPaths = (
			);
			name = "[CP] Embed Pods Frameworks";
			outputPaths = (
			);
			runOnlyForDeploymentPostprocessing = 0;
			shellPath = /bin/sh;
			shellScript = "\"${SRCROOT}/Pods/Target Support Files/Pods-ChineseCheckers macOS/Pods-ChineseCheckers macOS-frameworks.sh\"\n";
			showEnvVarsInLog = 0;
		};
		758E689C7CAC2D21271EAEC9 /* [CP] Copy Pods Resources */ = {
			isa = PBXShellScriptBuildPhase;
			buildActionMask = 2147483647;
			files = (
			);
			inputPaths = (
			);
			name = "[CP] Copy Pods Resources";
			outputPaths = (
			);
			runOnlyForDeploymentPostprocessing = 0;
			shellPath = /bin/sh;
			shellScript = "\"${SRCROOT}/Pods/Target Support Files/Pods-ChineseCheckers macOS/Pods-ChineseCheckers macOS-resources.sh\"\n";
			showEnvVarsInLog = 0;
		};
		9FED091E4092FA8DCC0C5C31 /* [CP] Embed Pods Frameworks */ = {
			isa = PBXShellScriptBuildPhase;
			buildActionMask = 2147483647;
			files = (
			);
			inputPaths = (
			);
			name = "[CP] Embed Pods Frameworks";
			outputPaths = (
			);
			runOnlyForDeploymentPostprocessing = 0;
			shellPath = /bin/sh;
			shellScript = "\"${SRCROOT}/Pods/Target Support Files/Pods-ChineseCheckers iOS/Pods-ChineseCheckers iOS-frameworks.sh\"\n";
			showEnvVarsInLog = 0;
		};
		E91ABF3DD0E9A22AC3D67AA0 /* [CP] Copy Pods Resources */ = {
			isa = PBXShellScriptBuildPhase;
			buildActionMask = 2147483647;
			files = (
			);
			inputPaths = (
			);
			name = "[CP] Copy Pods Resources";
			outputPaths = (
			);
			runOnlyForDeploymentPostprocessing = 0;
			shellPath = /bin/sh;
			shellScript = "\"${SRCROOT}/Pods/Target Support Files/Pods-ChineseCheckers iOS/Pods-ChineseCheckers iOS-resources.sh\"\n";
			showEnvVarsInLog = 0;
		};
/* End PBXShellScriptBuildPhase section */

/* Begin PBXSourcesBuildPhase section */
		E21FD8631FF13D7F00B97766 /* Sources */ = {
			isa = PBXSourcesBuildPhase;
			buildActionMask = 2147483647;
			files = (
				E240263E1FF461E50069D0FA /* Foundation+Extensions.swift in Sources */,
				E252E4E41FF2ED4A008DCC3D /* Field.swift in Sources */,
				E2675CDF1FF5D28500E49AE7 /* GameSessionDelegate.swift in Sources */,
				E21FD8941FF1CF7D00B97766 /* HexagonNode.swift in Sources */,
				E252E4E71FF2F03F008DCC3D /* Board.swift in Sources */,
				E2675CE31FF5DD4000E49AE7 /* FieldHexagonNode.swift in Sources */,
				E2F3AC2B1FF734D600B44941 /* LoginInfo.swift in Sources */,
				E21FD8871FF13D7F00B97766 /* GameScene.swift in Sources */,
				E2F3AC341FF8556400B44941 /* GameSceneState.swift in Sources */,
				E2F3AC201FF7266D00B44941 /* GameService.swift in Sources */,
				E252E4EB1FF2F906008DCC3D /* FieldInfo.swift in Sources */,
				E21FD86D1FF13D7F00B97766 /* GameViewController.swift in Sources */,
				E2F3AC231FF7315C00B44941 /* TurnInfo.swift in Sources */,
				E2675CDC1FF5C75300E49AE7 /* GameInfo.swift in Sources */,
				E2F3AC251FF7320300B44941 /* ErrorInfo.swift in Sources */,
				E24026491FF47A0F0069D0FA /* GameSession.swift in Sources */,
				E2F3AC291FF7338B00B44941 /* ResultInfo.swift in Sources */,
				E2F3AC2F1FF736A800B44941 /* GameServiceDelegate.swift in Sources */,
				E24026441FF473B90069D0FA /* HexagonNodeDelegate.swift in Sources */,
				E252E4EE1FF2FCF2008DCC3D /* BoardInfo.swift in Sources */,
				E240262E1FF45D960069D0FA /* Player.swift in Sources */,
				E286D85D1FFB1A800002956A /* MenuScene.swift in Sources */,
				E240263D1FF461E50069D0FA /* UIKit+Extensions.swift in Sources */,
				E21FD86B1FF13D7F00B97766 /* AppDelegate.swift in Sources */,
			);
			runOnlyForDeploymentPostprocessing = 0;
		};
		E21FD8751FF13D7F00B97766 /* Sources */ = {
			isa = PBXSourcesBuildPhase;
			buildActionMask = 2147483647;
			files = (
				E252E4E51FF2EDB5008DCC3D /* Field.swift in Sources */,
				E25310321FF1D68C00221C78 /* HexagonNode.swift in Sources */,
				E2675CE01FF5D36900E49AE7 /* GameSessionDelegate.swift in Sources */,
				E252E4E81FF2F03F008DCC3D /* Board.swift in Sources */,
				E21FD8881FF13D7F00B97766 /* GameScene.swift in Sources */,
				E2675CE41FF5DF4100E49AE7 /* FieldHexagonNode.swift in Sources */,
				E252E4EC1FF2F906008DCC3D /* FieldInfo.swift in Sources */,
				E2F3AC211FF726B400B44941 /* GameService.swift in Sources */,
				E21FD87E1FF13D7F00B97766 /* GameViewController.swift in Sources */,
				E252E4EF1FF2FCF2008DCC3D /* BoardInfo.swift in Sources */,
				E2F3AC261FF7326A00B44941 /* TurnInfo.swift in Sources */,
				E2675CDD1FF5C94A00E49AE7 /* GameInfo.swift in Sources */,
				E2F3AC271FF7326D00B44941 /* ErrorInfo.swift in Sources */,
				E24026481FF477D60069D0FA /* GameSession.swift in Sources */,
				E24026431FF471D00069D0FA /* HexagonNodeDelegate.swift in Sources */,
				E24026461FF474550069D0FA /* GameSceneState.swift in Sources */,
				E2F3AC301FF736A800B44941 /* GameServiceDelegate.swift in Sources */,
				E2F3AC2D1FF734DC00B44941 /* ResultInfo.swift in Sources */,
				E240262F1FF45E7C0069D0FA /* Player.swift in Sources */,
				E24026411FF4621C0069D0FA /* AppKit+Extensions.swift in Sources */,
				E286D85E1FFB1A800002956A /* MenuScene.swift in Sources */,
				E21FD87C1FF13D7F00B97766 /* AppDelegate.swift in Sources */,
				E2F3AC2C1FF734D800B44941 /* LoginInfo.swift in Sources */,
			);
			runOnlyForDeploymentPostprocessing = 0;
		};
/* End PBXSourcesBuildPhase section */

/* Begin PBXVariantGroup section */
		E21FD86E1FF13D7F00B97766 /* Main.storyboard */ = {
			isa = PBXVariantGroup;
			children = (
				E21FD86F1FF13D7F00B97766 /* Base */,
			);
			name = Main.storyboard;
			sourceTree = "<group>";
		};
		E21FD8711FF13D7F00B97766 /* LaunchScreen.storyboard */ = {
			isa = PBXVariantGroup;
			children = (
				E21FD8721FF13D7F00B97766 /* Base */,
			);
			name = LaunchScreen.storyboard;
			sourceTree = "<group>";
		};
		E21FD87F1FF13D7F00B97766 /* Main.storyboard */ = {
			isa = PBXVariantGroup;
			children = (
				E21FD8801FF13D7F00B97766 /* Base */,
			);
			name = Main.storyboard;
			sourceTree = "<group>";
		};
/* End PBXVariantGroup section */

/* Begin XCBuildConfiguration section */
		E21FD88B1FF13D7F00B97766 /* Debug */ = {
			isa = XCBuildConfiguration;
			buildSettings = {
				ALWAYS_SEARCH_USER_PATHS = NO;
				CLANG_ANALYZER_NONNULL = YES;
				CLANG_ANALYZER_NUMBER_OBJECT_CONVERSION = YES_AGGRESSIVE;
				CLANG_CXX_LANGUAGE_STANDARD = "gnu++14";
				CLANG_CXX_LIBRARY = "libc++";
				CLANG_ENABLE_MODULES = YES;
				CLANG_ENABLE_OBJC_ARC = YES;
				CLANG_WARN_BLOCK_CAPTURE_AUTORELEASING = YES;
				CLANG_WARN_BOOL_CONVERSION = YES;
				CLANG_WARN_COMMA = YES;
				CLANG_WARN_CONSTANT_CONVERSION = YES;
				CLANG_WARN_DIRECT_OBJC_ISA_USAGE = YES_ERROR;
				CLANG_WARN_DOCUMENTATION_COMMENTS = YES;
				CLANG_WARN_EMPTY_BODY = YES;
				CLANG_WARN_ENUM_CONVERSION = YES;
				CLANG_WARN_INFINITE_RECURSION = YES;
				CLANG_WARN_INT_CONVERSION = YES;
				CLANG_WARN_NON_LITERAL_NULL_CONVERSION = YES;
				CLANG_WARN_OBJC_LITERAL_CONVERSION = YES;
				CLANG_WARN_OBJC_ROOT_CLASS = YES_ERROR;
				CLANG_WARN_RANGE_LOOP_ANALYSIS = YES;
				CLANG_WARN_STRICT_PROTOTYPES = YES;
				CLANG_WARN_SUSPICIOUS_MOVE = YES;
				CLANG_WARN_UNGUARDED_AVAILABILITY = YES_AGGRESSIVE;
				CLANG_WARN_UNREACHABLE_CODE = YES;
				CLANG_WARN__DUPLICATE_METHOD_MATCH = YES;
				COPY_PHASE_STRIP = NO;
				DEBUG_INFORMATION_FORMAT = dwarf;
				ENABLE_STRICT_OBJC_MSGSEND = YES;
				ENABLE_TESTABILITY = YES;
				GCC_C_LANGUAGE_STANDARD = gnu11;
				GCC_DYNAMIC_NO_PIC = NO;
				GCC_NO_COMMON_BLOCKS = YES;
				GCC_OPTIMIZATION_LEVEL = 0;
				GCC_PREPROCESSOR_DEFINITIONS = (
					"DEBUG=1",
					"$(inherited)",
				);
				GCC_WARN_64_TO_32_BIT_CONVERSION = YES;
				GCC_WARN_ABOUT_RETURN_TYPE = YES_ERROR;
				GCC_WARN_UNDECLARED_SELECTOR = YES;
				GCC_WARN_UNINITIALIZED_AUTOS = YES_AGGRESSIVE;
				GCC_WARN_UNUSED_FUNCTION = YES;
				GCC_WARN_UNUSED_VARIABLE = YES;
				MTL_ENABLE_DEBUG_INFO = YES;
				ONLY_ACTIVE_ARCH = YES;
				SWIFT_ACTIVE_COMPILATION_CONDITIONS = DEBUG;
				SWIFT_OPTIMIZATION_LEVEL = "-Onone";
			};
			name = Debug;
		};
		E21FD88C1FF13D7F00B97766 /* Release */ = {
			isa = XCBuildConfiguration;
			buildSettings = {
				ALWAYS_SEARCH_USER_PATHS = NO;
				CLANG_ANALYZER_NONNULL = YES;
				CLANG_ANALYZER_NUMBER_OBJECT_CONVERSION = YES_AGGRESSIVE;
				CLANG_CXX_LANGUAGE_STANDARD = "gnu++14";
				CLANG_CXX_LIBRARY = "libc++";
				CLANG_ENABLE_MODULES = YES;
				CLANG_ENABLE_OBJC_ARC = YES;
				CLANG_WARN_BLOCK_CAPTURE_AUTORELEASING = YES;
				CLANG_WARN_BOOL_CONVERSION = YES;
				CLANG_WARN_COMMA = YES;
				CLANG_WARN_CONSTANT_CONVERSION = YES;
				CLANG_WARN_DIRECT_OBJC_ISA_USAGE = YES_ERROR;
				CLANG_WARN_DOCUMENTATION_COMMENTS = YES;
				CLANG_WARN_EMPTY_BODY = YES;
				CLANG_WARN_ENUM_CONVERSION = YES;
				CLANG_WARN_INFINITE_RECURSION = YES;
				CLANG_WARN_INT_CONVERSION = YES;
				CLANG_WARN_NON_LITERAL_NULL_CONVERSION = YES;
				CLANG_WARN_OBJC_LITERAL_CONVERSION = YES;
				CLANG_WARN_OBJC_ROOT_CLASS = YES_ERROR;
				CLANG_WARN_RANGE_LOOP_ANALYSIS = YES;
				CLANG_WARN_STRICT_PROTOTYPES = YES;
				CLANG_WARN_SUSPICIOUS_MOVE = YES;
				CLANG_WARN_UNGUARDED_AVAILABILITY = YES_AGGRESSIVE;
				CLANG_WARN_UNREACHABLE_CODE = YES;
				CLANG_WARN__DUPLICATE_METHOD_MATCH = YES;
				COPY_PHASE_STRIP = NO;
				DEBUG_INFORMATION_FORMAT = "dwarf-with-dsym";
				ENABLE_NS_ASSERTIONS = NO;
				ENABLE_STRICT_OBJC_MSGSEND = YES;
				GCC_C_LANGUAGE_STANDARD = gnu11;
				GCC_NO_COMMON_BLOCKS = YES;
				GCC_WARN_64_TO_32_BIT_CONVERSION = YES;
				GCC_WARN_ABOUT_RETURN_TYPE = YES_ERROR;
				GCC_WARN_UNDECLARED_SELECTOR = YES;
				GCC_WARN_UNINITIALIZED_AUTOS = YES_AGGRESSIVE;
				GCC_WARN_UNUSED_FUNCTION = YES;
				GCC_WARN_UNUSED_VARIABLE = YES;
				MTL_ENABLE_DEBUG_INFO = NO;
				SWIFT_OPTIMIZATION_LEVEL = "-Owholemodule";
			};
			name = Release;
		};
		E21FD88E1FF13D7F00B97766 /* Debug */ = {
			isa = XCBuildConfiguration;
			baseConfigurationReference = 11DBF6DEA9835530FFF07F6E /* Pods-ChineseCheckers iOS.debug.xcconfig */;
			buildSettings = {
				ASSETCATALOG_COMPILER_APPICON_NAME = AppIcon;
				CODE_SIGN_IDENTITY = "iPhone Developer";
				CODE_SIGN_STYLE = Automatic;
				DEVELOPMENT_TEAM = JE2494MFB5;
				INFOPLIST_FILE = "ChineseCheckers iOS/Info.plist";
				IPHONEOS_DEPLOYMENT_TARGET = 11.0;
				LD_RUNPATH_SEARCH_PATHS = "$(inherited) @executable_path/Frameworks";
				PRODUCT_BUNDLE_IDENTIFIER = raczy.ChineseCheckers;
				PRODUCT_NAME = ChineseCheckers;
				SDKROOT = iphoneos;
				SWIFT_VERSION = 4.0;
				TARGETED_DEVICE_FAMILY = "1,2";
			};
			name = Debug;
		};
		E21FD88F1FF13D7F00B97766 /* Release */ = {
			isa = XCBuildConfiguration;
			baseConfigurationReference = 764B87C931519CC9B2E9567D /* Pods-ChineseCheckers iOS.release.xcconfig */;
			buildSettings = {
				ASSETCATALOG_COMPILER_APPICON_NAME = AppIcon;
				CODE_SIGN_IDENTITY = "iPhone Developer";
				CODE_SIGN_STYLE = Automatic;
				DEVELOPMENT_TEAM = JE2494MFB5;
				INFOPLIST_FILE = "ChineseCheckers iOS/Info.plist";
				IPHONEOS_DEPLOYMENT_TARGET = 11.0;
				LD_RUNPATH_SEARCH_PATHS = "$(inherited) @executable_path/Frameworks";
				PRODUCT_BUNDLE_IDENTIFIER = raczy.ChineseCheckers;
				PRODUCT_NAME = ChineseCheckers;
				SDKROOT = iphoneos;
				SWIFT_VERSION = 4.0;
				TARGETED_DEVICE_FAMILY = "1,2";
				VALIDATE_PRODUCT = YES;
			};
			name = Release;
		};
		E21FD8911FF13D7F00B97766 /* Debug */ = {
			isa = XCBuildConfiguration;
			baseConfigurationReference = C837BF2FD01580C29645DB94 /* Pods-ChineseCheckers macOS.debug.xcconfig */;
			buildSettings = {
				ASSETCATALOG_COMPILER_APPICON_NAME = AppIcon;
				CODE_SIGN_IDENTITY = "-";
				CODE_SIGN_STYLE = Automatic;
				COMBINE_HIDPI_IMAGES = YES;
				DEVELOPMENT_TEAM = JE2494MFB5;
				INFOPLIST_FILE = "ChineseCheckers macOS/Info.plist";
				LD_RUNPATH_SEARCH_PATHS = "$(inherited) @executable_path/../Frameworks";
				MACOSX_DEPLOYMENT_TARGET = 10.12;
				PRODUCT_BUNDLE_IDENTIFIER = raczy.ChineseCheckers;
				PRODUCT_NAME = ChineseCheckers;
				SDKROOT = macosx;
				SWIFT_VERSION = 4.0;
			};
			name = Debug;
		};
		E21FD8921FF13D7F00B97766 /* Release */ = {
			isa = XCBuildConfiguration;
			baseConfigurationReference = 7723FBB429D1CE8FAE4B2CFB /* Pods-ChineseCheckers macOS.release.xcconfig */;
			buildSettings = {
				ASSETCATALOG_COMPILER_APPICON_NAME = AppIcon;
				CODE_SIGN_IDENTITY = "-";
				CODE_SIGN_STYLE = Automatic;
				COMBINE_HIDPI_IMAGES = YES;
				DEVELOPMENT_TEAM = JE2494MFB5;
				INFOPLIST_FILE = "ChineseCheckers macOS/Info.plist";
				LD_RUNPATH_SEARCH_PATHS = "$(inherited) @executable_path/../Frameworks";
				MACOSX_DEPLOYMENT_TARGET = 10.12;
				PRODUCT_BUNDLE_IDENTIFIER = raczy.ChineseCheckers;
				PRODUCT_NAME = ChineseCheckers;
				SDKROOT = macosx;
				SWIFT_VERSION = 4.0;
			};
			name = Release;
		};
/* End XCBuildConfiguration section */

/* Begin XCConfigurationList section */
		E21FD85D1FF13D7F00B97766 /* Build configuration list for PBXProject "ChineseCheckers" */ = {
			isa = XCConfigurationList;
			buildConfigurations = (
				E21FD88B1FF13D7F00B97766 /* Debug */,
				E21FD88C1FF13D7F00B97766 /* Release */,
			);
			defaultConfigurationIsVisible = 0;
			defaultConfigurationName = Release;
		};
		E21FD88D1FF13D7F00B97766 /* Build configuration list for PBXNativeTarget "ChineseCheckers iOS" */ = {
			isa = XCConfigurationList;
			buildConfigurations = (
				E21FD88E1FF13D7F00B97766 /* Debug */,
				E21FD88F1FF13D7F00B97766 /* Release */,
			);
			defaultConfigurationIsVisible = 0;
			defaultConfigurationName = Release;
		};
		E21FD8901FF13D7F00B97766 /* Build configuration list for PBXNativeTarget "ChineseCheckers macOS" */ = {
			isa = XCConfigurationList;
			buildConfigurations = (
				E21FD8911FF13D7F00B97766 /* Debug */,
				E21FD8921FF13D7F00B97766 /* Release */,
			);
			defaultConfigurationIsVisible = 0;
			defaultConfigurationName = Release;
		};
/* End XCConfigurationList section */
	};
	rootObject = E21FD85A1FF13D7F00B97766 /* Project object */;
}
